
Microsoft Visual Studio Solution File, Format Version 12.00
# Visual Studio 14
VisualStudioVersion = 14.0.25420.1
MinimumVisualStudioVersion = 10.0.40219.1
Project("{FAE04EC0-301F-11D3-BF4B-00C04F79EFBC}") = "AtsWmsA1TaskConfirmationService", "AtsWmsA1TaskConfirmationService\AtsWmsA1TaskConfirmationService.csproj", "{02B76BB6-81F9-4649-913E-59B4F47F0957}"
EndProject
Project("{6141683F-8A12-4E36-9623-2EB02B2C2303}") = "AtsWmsA1TaskConfirmationServiceV9", "AtsWmsA1TaskConfirmationServiceV9\AtsWmsA1TaskConfirmationServiceV9.isproj", "{1DD17B3B-9019-4A63-AAD6-CAD0E9644C78}"
	ProjectSection(ProjectDependencies) = postProject
		{02B76BB6-81F9-4649-913E-59B4F47F0957} = {02B76BB6-81F9-4649-913E-59B4F47F0957}
	EndProjectSection
EndProject
Global
	GlobalSection(SolutionConfigurationPlatforms) = preSolution
		CD_ROM|Any CPU = CD_ROM|Any CPU
		Debug|Any CPU = Debug|Any CPU
		DVD-5|Any CPU = DVD-5|Any CPU
		Release|Any CPU = Release|Any CPU
		SingleImage|Any CPU = SingleImage|Any CPU
	EndGlobalSection
	GlobalSection(ProjectConfigurationPlatforms) = postSolution
		{02B76BB6-81F9-4649-913E-59B4F47F0957}.CD_ROM|Any CPU.ActiveCfg = Release|Any CPU
		{02B76BB6-81F9-4649-913E-59B4F47F0957}.CD_ROM|Any CPU.Build.0 = Release|Any CPU
		{02B76BB6-81F9-4649-913E-59B4F47F0957}.Debug|Any CPU.ActiveCfg = Debug|Any CPU
		{02B76BB6-81F9-4649-913E-59B4F47F0957}.Debug|Any CPU.Build.0 = Debug|Any CPU
		{02B76BB6-81F9-4649-913E-59B4F47F0957}.DVD-5|Any CPU.ActiveCfg = Debug|Any CPU
		{02B76BB6-81F9-4649-913E-59B4F47F0957}.DVD-5|Any CPU.Build.0 = Debug|Any CPU
		{02B76BB6-81F9-4649-913E-59B4F47F0957}.Release|Any CPU.ActiveCfg = Release|Any CPU
		{02B76BB6-81F9-4649-913E-59B4F47F0957}.Release|Any CPU.Build.0 = Release|Any CPU
		{02B76BB6-81F9-4649-913E-59B4F47F0957}.SingleImage|Any CPU.ActiveCfg = Release|Any CPU
		{02B76BB6-81F9-4649-913E-59B4F47F0957}.SingleImage|Any CPU.Build.0 = Release|Any CPU
		{1DD17B3B-9019-4A63-AAD6-CAD0E9644C78}.CD_ROM|Any CPU.ActiveCfg = CD_ROM
		{1DD17B3B-9019-4A63-AAD6-CAD0E9644C78}.CD_ROM|Any CPU.Build.0 = CD_ROM
		{1DD17B3B-9019-4A63-AAD6-CAD0E9644C78}.Debug|Any CPU.ActiveCfg = DVD-5
		{1DD17B3B-9019-4A63-AAD6-CAD0E9644C78}.Debug|Any CPU.Build.0 = DVD-5
		{1DD17B3B-9019-4A63-AAD6-CAD0E9644C78}.DVD-5|Any CPU.ActiveCfg = DVD-5
		{1DD17B3B-9019-4A63-AAD6-CAD0E9644C78}.DVD-5|Any CPU.Build.0 = DVD-5
		{1DD17B3B-9019-4A63-AAD6-CAD0E9644C78}.Release|Any CPU.ActiveCfg = SingleImage
		{1DD17B3B-9019-4A63-AAD6-CAD0E9644C78}.Release|Any CPU.Build.0 = SingleImage
		{1DD17B3B-9019-4A63-AAD6-CAD0E9644C78}.SingleImage|Any CPU.ActiveCfg = SingleImage
		{1DD17B3B-9019-4A63-AAD6-CAD0E9644C78}.SingleImage|Any CPU.Build.0 = SingleImage
	EndGlobalSection
	GlobalSection(SolutionProperties) = preSolution
		HideSolutionNode = FALSE
	EndGlobalSection
EndGlobal
